
Microsoft Visual Studio Solution File, Format Version 12.00
# Visual Studio 2012
Project("{FAE04EC0-301F-11D3-BF4B-00C04F79EFBC}") = "MapViewer", "MapViewer\MapViewer.csproj", "{6E9D3F50-80C4-444E-8199-35AC0B71B5FE}"
EndProject
Global
	GlobalSection(SolutionConfigurationPlatforms) = preSolution
		Debug|Any CPU = Debug|Any CPU
		Release|Any CPU = Release|Any CPU
	EndGlobalSection
	GlobalSection(ProjectConfigurationPlatforms) = postSolution
		{6E9D3F50-80C4-444E-8199-35AC0B71B5FE}.Debug|Any CPU.ActiveCfg = Debug|x64
		{6E9D3F50-80C4-444E-8199-35AC0B71B5FE}.Debug|Any CPU.Build.0 = Debug|x64
		{6E9D3F50-80C4-444E-8199-35AC0B71B5FE}.Release|Any CPU.ActiveCfg = Release|x64
		{6E9D3F50-80C4-444E-8199-35AC0B71B5FE}.Release|Any CPU.Build.0 = Release|x64
	EndGlobalSection
	GlobalSection(SolutionProperties) = preSolution
		HideSolutionNode = FALSE
	EndGlobalSection
EndGlobal
