
Microsoft Visual Studio Solution File, Format Version 12.00
# Visual Studio 2012
Project("{FAE04EC0-301F-11D3-BF4B-00C04F79EFBC}") = "MapViewer", "MapViewer\MapViewer.csproj", "{6E9D3F50-80C4-444E-8199-35AC0B71B5FE}"
EndProject
Project("{930C7802-8A8C-48F9-8165-68863BCCD9DD}") = "SetupMapViewer", "SetupMapViewer\SetupMapViewer.wixproj", "{8E785049-8FC8-4FD0-A72F-FDD65EC5F757}"
EndProject
Project("{2150E333-8FDC-42A3-9474-1A3956D46DE8}") = "Solution Items", "Solution Items", "{B9B1DBD6-C2AE-4D34-9401-C24AB099B001}"
	ProjectSection(SolutionItems) = preProject
		ToDo.txt = ToDo.txt
	EndProjectSection
EndProject
Global
	GlobalSection(SolutionConfigurationPlatforms) = preSolution
		Debug|Any CPU = Debug|Any CPU
		Debug|Mixed Platforms = Debug|Mixed Platforms
		Debug|x86 = Debug|x86
		Release|Any CPU = Release|Any CPU
		Release|Mixed Platforms = Release|Mixed Platforms
		Release|x86 = Release|x86
	EndGlobalSection
	GlobalSection(ProjectConfigurationPlatforms) = postSolution
		{6E9D3F50-80C4-444E-8199-35AC0B71B5FE}.Debug|Any CPU.ActiveCfg = Debug|x64
		{6E9D3F50-80C4-444E-8199-35AC0B71B5FE}.Debug|Any CPU.Build.0 = Debug|x64
		{6E9D3F50-80C4-444E-8199-35AC0B71B5FE}.Debug|Mixed Platforms.ActiveCfg = Debug|x64
		{6E9D3F50-80C4-444E-8199-35AC0B71B5FE}.Debug|Mixed Platforms.Build.0 = Debug|x64
		{6E9D3F50-80C4-444E-8199-35AC0B71B5FE}.Debug|x86.ActiveCfg = Debug|x64
		{6E9D3F50-80C4-444E-8199-35AC0B71B5FE}.Release|Any CPU.ActiveCfg = Release|x64
		{6E9D3F50-80C4-444E-8199-35AC0B71B5FE}.Release|Any CPU.Build.0 = Release|x64
		{6E9D3F50-80C4-444E-8199-35AC0B71B5FE}.Release|Mixed Platforms.ActiveCfg = Release|x64
		{6E9D3F50-80C4-444E-8199-35AC0B71B5FE}.Release|Mixed Platforms.Build.0 = Release|x64
		{6E9D3F50-80C4-444E-8199-35AC0B71B5FE}.Release|x86.ActiveCfg = Release|x64
		{8E785049-8FC8-4FD0-A72F-FDD65EC5F757}.Debug|Any CPU.ActiveCfg = Debug|x86
		{8E785049-8FC8-4FD0-A72F-FDD65EC5F757}.Debug|Mixed Platforms.ActiveCfg = Debug|x86
		{8E785049-8FC8-4FD0-A72F-FDD65EC5F757}.Debug|x86.ActiveCfg = Debug|x86
		{8E785049-8FC8-4FD0-A72F-FDD65EC5F757}.Debug|x86.Build.0 = Debug|x86
		{8E785049-8FC8-4FD0-A72F-FDD65EC5F757}.Release|Any CPU.ActiveCfg = Release|x86
		{8E785049-8FC8-4FD0-A72F-FDD65EC5F757}.Release|Mixed Platforms.ActiveCfg = Release|x86
		{8E785049-8FC8-4FD0-A72F-FDD65EC5F757}.Release|Mixed Platforms.Build.0 = Release|x86
		{8E785049-8FC8-4FD0-A72F-FDD65EC5F757}.Release|x86.ActiveCfg = Release|x86
		{8E785049-8FC8-4FD0-A72F-FDD65EC5F757}.Release|x86.Build.0 = Release|x86
	EndGlobalSection
	GlobalSection(SolutionProperties) = preSolution
		HideSolutionNode = FALSE
	EndGlobalSection
EndGlobal
